
Microsoft Visual Studio Solution File, Format Version 12.00
# Visual Studio Version 16
VisualStudioVersion = 16.0.30523.141
MinimumVisualStudioVersion = 10.0.40219.1
Project("{FAE04EC0-301F-11D3-BF4B-00C04F79EFBC}") = "123321", "123321.csproj", "{9AD492A3-30A9-44F9-B78F-E2252C3C72D0}"
EndProject
Global
	GlobalSection(SolutionConfigurationPlatforms) = preSolution
		Debug|Any CPU = Debug|Any CPU
		Release|Any CPU = Release|Any CPU
	EndGlobalSection
	GlobalSection(ProjectConfigurationPlatforms) = postSolution
		{9AD492A3-30A9-44F9-B78F-E2252C3C72D0}.Debug|Any CPU.ActiveCfg = Debug|Any CPU
		{9AD492A3-30A9-44F9-B78F-E2252C3C72D0}.Debug|Any CPU.Build.0 = Debug|Any CPU
		{9AD492A3-30A9-44F9-B78F-E2252C3C72D0}.Release|Any CPU.ActiveCfg = Release|Any CPU
		{9AD492A3-30A9-44F9-B78F-E2252C3C72D0}.Release|Any CPU.Build.0 = Release|Any CPU
	EndGlobalSection
	GlobalSection(SolutionProperties) = preSolution
		HideSolutionNode = FALSE
	EndGlobalSection
	GlobalSection(ExtensibilityGlobals) = postSolution
		SolutionGuid = {1C57CBC5-5A7D-4B20-9ACE-BF4090D6BDD0}
	EndGlobalSection
EndGlobal
