
Microsoft Visual Studio Solution File, Format Version 12.00
# Visual Studio Version 16
VisualStudioVersion = 16.0.30523.141
MinimumVisualStudioVersion = 10.0.40219.1
Project("{FAE04EC0-301F-11D3-BF4B-00C04F79EFBC}") = "WebApplication2", "WebApplication2.csproj", "{5AF58B71-76DC-4FA4-95F2-2DB70CCCE21C}"
EndProject
Global
	GlobalSection(SolutionConfigurationPlatforms) = preSolution
		Debug|Any CPU = Debug|Any CPU
		Release|Any CPU = Release|Any CPU
	EndGlobalSection
	GlobalSection(ProjectConfigurationPlatforms) = postSolution
		{5AF58B71-76DC-4FA4-95F2-2DB70CCCE21C}.Debug|Any CPU.ActiveCfg = Debug|Any CPU
		{5AF58B71-76DC-4FA4-95F2-2DB70CCCE21C}.Debug|Any CPU.Build.0 = Debug|Any CPU
		{5AF58B71-76DC-4FA4-95F2-2DB70CCCE21C}.Release|Any CPU.ActiveCfg = Release|Any CPU
		{5AF58B71-76DC-4FA4-95F2-2DB70CCCE21C}.Release|Any CPU.Build.0 = Release|Any CPU
	EndGlobalSection
	GlobalSection(SolutionProperties) = preSolution
		HideSolutionNode = FALSE
	EndGlobalSection
	GlobalSection(ExtensibilityGlobals) = postSolution
		SolutionGuid = {D080F436-1F92-407E-90C3-1D1F714C9EB1}
	EndGlobalSection
EndGlobal
