
Microsoft Visual Studio Solution File, Format Version 12.00
# Visual Studio Version 16
VisualStudioVersion = 16.0.30406.217
MinimumVisualStudioVersion = 10.0.40219.1
Project("{FAE04EC0-301F-11D3-BF4B-00C04F79EFBC}") = "week3", "week3\week3.csproj", "{36B560D5-262A-44FA-A153-EE7F50B7BE77}"
EndProject
Global
	GlobalSection(SolutionConfigurationPlatforms) = preSolution
		Debug|Any CPU = Debug|Any CPU
		Release|Any CPU = Release|Any CPU
	EndGlobalSection
	GlobalSection(ProjectConfigurationPlatforms) = postSolution
		{36B560D5-262A-44FA-A153-EE7F50B7BE77}.Debug|Any CPU.ActiveCfg = Debug|Any CPU
		{36B560D5-262A-44FA-A153-EE7F50B7BE77}.Debug|Any CPU.Build.0 = Debug|Any CPU
		{36B560D5-262A-44FA-A153-EE7F50B7BE77}.Release|Any CPU.ActiveCfg = Release|Any CPU
		{36B560D5-262A-44FA-A153-EE7F50B7BE77}.Release|Any CPU.Build.0 = Release|Any CPU
	EndGlobalSection
	GlobalSection(SolutionProperties) = preSolution
		HideSolutionNode = FALSE
	EndGlobalSection
	GlobalSection(ExtensibilityGlobals) = postSolution
		SolutionGuid = {54682EAB-A0BB-4727-AB8B-4504E3E620DD}
	EndGlobalSection
EndGlobal
