
Microsoft Visual Studio Solution File, Format Version 12.00
# Visual Studio Version 16
VisualStudioVersion = 16.0.30523.141
MinimumVisualStudioVersion = 10.0.40219.1
Project("{FAE04EC0-301F-11D3-BF4B-00C04F79EFBC}") = "jiujitest", "jiujitest.csproj", "{B622FDDE-5164-4CB1-A770-4C8C6B7EF879}"
EndProject
Global
	GlobalSection(SolutionConfigurationPlatforms) = preSolution
		Debug|Any CPU = Debug|Any CPU
		Release|Any CPU = Release|Any CPU
	EndGlobalSection
	GlobalSection(ProjectConfigurationPlatforms) = postSolution
		{B622FDDE-5164-4CB1-A770-4C8C6B7EF879}.Debug|Any CPU.ActiveCfg = Debug|Any CPU
		{B622FDDE-5164-4CB1-A770-4C8C6B7EF879}.Debug|Any CPU.Build.0 = Debug|Any CPU
		{B622FDDE-5164-4CB1-A770-4C8C6B7EF879}.Release|Any CPU.ActiveCfg = Release|Any CPU
		{B622FDDE-5164-4CB1-A770-4C8C6B7EF879}.Release|Any CPU.Build.0 = Release|Any CPU
	EndGlobalSection
	GlobalSection(SolutionProperties) = preSolution
		HideSolutionNode = FALSE
	EndGlobalSection
	GlobalSection(ExtensibilityGlobals) = postSolution
		SolutionGuid = {72C0321A-36F4-4C81-B702-5135724F2999}
	EndGlobalSection
EndGlobal
